
Microsoft Visual Studio Solution File, Format Version 12.00
# Visual Studio Version 16
VisualStudioVersion = 16.0.31829.152
MinimumVisualStudioVersion = 10.0.40219.1
Project("{FAE04EC0-301F-11D3-BF4B-00C04F79EFBC}") = "Questionmi", "Questionmi\Questionmi.csproj", "{673B44B2-30D1-40DA-8674-0C801663A447}"
EndProject
Global
	GlobalSection(SolutionConfigurationPlatforms) = preSolution
		Debug|Any CPU = Debug|Any CPU
		Release|Any CPU = Release|Any CPU
	EndGlobalSection
	GlobalSection(ProjectConfigurationPlatforms) = postSolution
		{673B44B2-30D1-40DA-8674-0C801663A447}.Debug|Any CPU.ActiveCfg = Debug|Any CPU
		{673B44B2-30D1-40DA-8674-0C801663A447}.Debug|Any CPU.Build.0 = Debug|Any CPU
		{673B44B2-30D1-40DA-8674-0C801663A447}.Release|Any CPU.ActiveCfg = Release|Any CPU
		{673B44B2-30D1-40DA-8674-0C801663A447}.Release|Any CPU.Build.0 = Release|Any CPU
	EndGlobalSection
	GlobalSection(SolutionProperties) = preSolution
		HideSolutionNode = FALSE
	EndGlobalSection
	GlobalSection(ExtensibilityGlobals) = postSolution
		SolutionGuid = {5E19922B-AA5C-441A-A255-593CDE4062FF}
	EndGlobalSection
EndGlobal
